
Microsoft Visual Studio Solution File, Format Version 12.00
# Visual Studio Version 16
VisualStudioVersion = 16.0.34114.132
MinimumVisualStudioVersion = 10.0.40219.1
Project("{FAE04EC0-301F-11D3-BF4B-00C04F79EFBC}") = "SplashScreen", "SplashScreen\SplashScreen.csproj", "{17A1E285-95C1-46D5-997A-3DA02DA1DB48}"
EndProject
Global
	GlobalSection(SolutionConfigurationPlatforms) = preSolution
		Debug|Any CPU = Debug|Any CPU
		Release|Any CPU = Release|Any CPU
	EndGlobalSection
	GlobalSection(ProjectConfigurationPlatforms) = postSolution
		{17A1E285-95C1-46D5-997A-3DA02DA1DB48}.Debug|Any CPU.ActiveCfg = Debug|Any CPU
		{17A1E285-95C1-46D5-997A-3DA02DA1DB48}.Debug|Any CPU.Build.0 = Debug|Any CPU
		{17A1E285-95C1-46D5-997A-3DA02DA1DB48}.Release|Any CPU.ActiveCfg = Release|Any CPU
		{17A1E285-95C1-46D5-997A-3DA02DA1DB48}.Release|Any CPU.Build.0 = Release|Any CPU
	EndGlobalSection
	GlobalSection(SolutionProperties) = preSolution
		HideSolutionNode = FALSE
	EndGlobalSection
	GlobalSection(ExtensibilityGlobals) = postSolution
		SolutionGuid = {F54DD9F9-4443-45C9-8D14-4A020FA57553}
	EndGlobalSection
EndGlobal
